PODS:
  - EFCountingLabel (6.0.0.1)
  - Realm (20.0.4):
    - Realm/Headers (= 20.0.4)
  - Realm/Headers (20.0.4)
  - RealmSwift (20.0.4):
    - Realm (= 20.0.4)

DEPENDENCIES:
  - EFCountingLabel (~> 6.0)
  - RealmSwift (~> 20.0)

SPEC REPOS:
  trunk:
    - EFCountingLabel
    - Realm
    - RealmSwift

SPEC CHECKSUMS:
  EFCountingLabel: 8d26e3d29acaa4cdc2ff33ddbcf307892a3ebfd9
  Realm: 1fca83c42ac1d5c7767974882c8de5a7abca4d89
  RealmSwift: 84f36320f6133dea78d05c55bb46bba4387d6828

PODFILE CHECKSUM: dc72962ffe389f2e06692c9df4986cb56fe6cf39

COCOAPODS: 1.10.0
